// !$*UTF8*$!
{
	archiveVersion = 1;
	classes = {
	};
	objectVersion = 77;
	objects = {

/* Begin PBXContainerItemProxy section */
		9E47C36A2E293524001EC6AA /* PBXContainerItemProxy */ = {
			isa = PBXContainerItemProxy;
			containerPortal = 9E47C3542E293521001EC6AA /* Project object */;
			proxyType = 1;
			remoteGlobalIDString = 9E47C35B2E293521001EC6AA;
			remoteInfo = Mike_ShippingApp;
		};
		9E47C3742E293524001EC6AA /* PBXContainerItemProxy */ = {
			isa = PBXContainerItemProxy;
			containerPortal = 9E47C3542E293521001EC6AA /* Project object */;
			proxyType = 1;
			remoteGlobalIDString = 9E47C35B2E293521001EC6AA;
			remoteInfo = Mike_ShippingApp;
		};
/* End PBXContainerItemProxy section */

/* Begin PBXFileReference section */
		9E47C35C2E293521001EC6AA /* Mike_ShippingApp.app */ = {isa = PBXFileReference; explicitFileType = wrapper.application; includeInIndex = 0; path = Mike_ShippingApp.app; sourceTree = BUILT_PRODUCTS_DIR; };
		9E47C3692E293524001EC6AA /* Mike_ShippingAppTests.xctest */ = {isa = PBXFileReference; explicitFileType = wrapper.cfbundle; includeInIndex = 0; path = Mike_ShippingAppTests.xctest; sourceTree = BUILT_PRODUCTS_DIR; };
		9E47C3732E293524001EC6AA /* Mike_ShippingAppUITests.xctest */ = {isa = PBXFileReference; explicitFileType = wrapper.cfbundle; includeInIndex = 0; path = Mike_ShippingAppUITests.xctest; sourceTree = BUILT_PRODUCTS_DIR; };
/* End PBXFileReference section */

/* Begin PBXFileSystemSynchronizedRootGroup section */
		9E47C35E2E293521001EC6AA /* Mike_ShippingApp */ = {
			isa = PBXFileSystemSynchronizedRootGroup;
			path = Mike_ShippingApp;
			sourceTree = "<group>";
		};
		9E47C36C2E293524001EC6AA /* Mike_ShippingAppTests */ = {
			isa = PBXFileSystemSynchronizedRootGroup;
			path = Mike_ShippingAppTests;
			sourceTree = "<group>";
		};
		9E47C3762E293524001EC6AA /* Mike_ShippingAppUITests */ = {
			isa = PBXFileSystemSynchronizedRootGroup;
			path = Mike_ShippingAppUITests;
			sourceTree = "<group>";
		};
/* End PBXFileSystemSynchronizedRootGroup section */

/* Begin PBXFrameworksBuildPhase section */
		9E47C3592E293521001EC6AA /* Frameworks */ = {
			isa = PBXFrameworksBuildPhase;
			buildActionMask = 2147483647;
			files = (
			);
			runOnlyForDeploymentPostprocessing = 0;
		};
		9E47C3662E293524001EC6AA /* Frameworks */ = {
			isa = PBXFrameworksBuildPhase;
			buildActionMask = 2147483647;
			files = (
			);
			runOnlyForDeploymentPostprocessing = 0;
		};
		9E47C3702E293524001EC6AA /* Frameworks */ = {
			isa = PBXFrameworksBuildPhase;
			buildActionMask = 2147483647;
			files = (
			);
			runOnlyForDeploymentPostprocessing = 0;
		};
/* End PBXFrameworksBuildPhase section */

/* Begin PBXGroup section */
		9E47C3532E293521001EC6AA = {
			isa = PBXGroup;
			children = (
				9E47C35E2E293521001EC6AA /* Mike_ShippingApp */,
				9E47C36C2E293524001EC6AA /* Mike_ShippingAppTests */,
				9E47C3762E293524001EC6AA /* Mike_ShippingAppUITests */,
				9E47C35D2E293521001EC6AA /* Products */,
			);
			sourceTree = "<group>";
		};
		9E47C35D2E293521001EC6AA /* Products */ = {
			isa = PBXGroup;
			children = (
				9E47C35C2E293521001EC6AA /* Mike_ShippingApp.app */,
				9E47C3692E293524001EC6AA /* Mike_ShippingAppTests.xctest */,
				9E47C3732E293524001EC6AA /* Mike_ShippingAppUITests.xctest */,
			);
			name = Products;
			sourceTree = "<group>";
		};
/* End PBXGroup section */

/* Begin PBXNativeTarget section */
		9E47C35B2E293521001EC6AA /* Mike_ShippingApp */ = {
			isa = PBXNativeTarget;
			buildConfigurationList = 9E47C37D2E293524001EC6AA /* Build configuration list for PBXNativeTarget "Mike_ShippingApp" */;
			buildPhases = (
				9E47C3582E293521001EC6AA /* Sources */,
				9E47C3592E293521001EC6AA /* Frameworks */,
				9E47C35A2E293521001EC6AA /* Resources */,
			);
			buildRules = (
			);
			dependencies = (
			);
			fileSystemSynchronizedGroups = (
				9E47C35E2E293521001EC6AA /* Mike_ShippingApp */,
			);
			name = Mike_ShippingApp;
			packageProductDependencies = (
			);
			productName = Mike_ShippingApp;
			productReference = 9E47C35C2E293521001EC6AA /* Mike_ShippingApp.app */;
			productType = "com.apple.product-type.application";
		};
		9E47C3682E293524001EC6AA /* Mike_ShippingAppTests */ = {
			isa = PBXNativeTarget;
			buildConfigurationList = 9E47C3802E293524001EC6AA /* Build configuration list for PBXNativeTarget "Mike_ShippingAppTests" */;
			buildPhases = (
				9E47C3652E293524001EC6AA /* Sources */,
				9E47C3662E293524001EC6AA /* Frameworks */,
				9E47C3672E293524001EC6AA /* Resources */,
			);
			buildRules = (
			);
			dependencies = (
				9E47C36B2E293524001EC6AA /* PBXTargetDependency */,
			);
			fileSystemSynchronizedGroups = (
				9E47C36C2E293524001EC6AA /* Mike_ShippingAppTests */,
			);
			name = Mike_ShippingAppTests;
			packageProductDependencies = (
			);
			productName = Mike_ShippingAppTests;
			productReference = 9E47C3692E293524001EC6AA /* Mike_ShippingAppTests.xctest */;
			productType = "com.apple.product-type.bundle.unit-test";
		};
		9E47C3722E293524001EC6AA /* Mike_ShippingAppUITests */ = {
			isa = PBXNativeTarget;
			buildConfigurationList = 9E47C3832E293524001EC6AA /* Build configuration list for PBXNativeTarget "Mike_ShippingAppUITests" */;
			buildPhases = (
				9E47C36F2E293524001EC6AA /* Sources */,
				9E47C3702E293524001EC6AA /* Frameworks */,
				9E47C3712E293524001EC6AA /* Resources */,
			);
			buildRules = (
			);
			dependencies = (
				9E47C3752E293524001EC6AA /* PBXTargetDependency */,
			);
			fileSystemSynchronizedGroups = (
				9E47C3762E293524001EC6AA /* Mike_ShippingAppUITests */,
			);
			name = Mike_ShippingAppUITests;
			packageProductDependencies = (
			);
			productName = Mike_ShippingAppUITests;
			productReference = 9E47C3732E293524001EC6AA /* Mike_ShippingAppUITests.xctest */;
			productType = "com.apple.product-type.bundle.ui-testing";
		};
/* End PBXNativeTarget section */

/* Begin PBXProject section */
		9E47C3542E293521001EC6AA /* Project object */ = {
			isa = PBXProject;
			attributes = {
				BuildIndependentTargetsInParallel = 1;
				LastSwiftUpdateCheck = 1630;
				LastUpgradeCheck = 1630;
				TargetAttributes = {
					9E47C35B2E293521001EC6AA = {
						CreatedOnToolsVersion = 16.3;
					};
					9E47C3682E293524001EC6AA = {
						CreatedOnToolsVersion = 16.3;
						TestTargetID = 9E47C35B2E293521001EC6AA;
					};
					9E47C3722E293524001EC6AA = {
						CreatedOnToolsVersion = 16.3;
						TestTargetID = 9E47C35B2E293521001EC6AA;
					};
				};
			};
			buildConfigurationList = 9E47C3572E293521001EC6AA /* Build configuration list for PBXProject "Mike_ShippingApp" */;
			developmentRegion = en;
			hasScannedForEncodings = 0;
			knownRegions = (
				en,
				Base,
			);
			mainGroup = 9E47C3532E293521001EC6AA;
			minimizedProjectReferenceProxies = 1;
			preferredProjectObjectVersion = 77;
			productRefGroup = 9E47C35D2E293521001EC6AA /* Products */;
			projectDirPath = "";
			projectRoot = "";
			targets = (
				9E47C35B2E293521001EC6AA /* Mike_ShippingApp */,
				9E47C3682E293524001EC6AA /* Mike_ShippingAppTests */,
				9E47C3722E293524001EC6AA /* Mike_ShippingAppUITests */,
			);
		};
/* End PBXProject section */

/* Begin PBXResourcesBuildPhase section */
		9E47C35A2E293521001EC6AA /* Resources */ = {
			isa = PBXResourcesBuildPhase;
			buildActionMask = 2147483647;
			files = (
			);
			runOnlyForDeploymentPostprocessing = 0;
		};
		9E47C3672E293524001EC6AA /* Resources */ = {
			isa = PBXResourcesBuildPhase;
			buildActionMask = 2147483647;
			files = (
			);
			runOnlyForDeploymentPostprocessing = 0;
		};
		9E47C3712E293524001EC6AA /* Resources */ = {
			isa = PBXResourcesBuildPhase;
			buildActionMask = 2147483647;
			files = (
			);
			runOnlyForDeploymentPostprocessing = 0;
		};
/* End PBXResourcesBuildPhase section */

/* Begin PBXSourcesBuildPhase section */
		9E47C3582E293521001EC6AA /* Sources */ = {
			isa = PBXSourcesBuildPhase;
			buildActionMask = 2147483647;
			files = (
			);
			runOnlyForDeploymentPostprocessing = 0;
		};
		9E47C3652E293524001EC6AA /* Sources */ = {
			isa = PBXSourcesBuildPhase;
			buildActionMask = 2147483647;
			files = (
			);
			runOnlyForDeploymentPostprocessing = 0;
		};
		9E47C36F2E293524001EC6AA /* Sources */ = {
			isa = PBXSourcesBuildPhase;
			buildActionMask = 2147483647;
			files = (
			);
			runOnlyForDeploymentPostprocessing = 0;
		};
/* End PBXSourcesBuildPhase section */

/* Begin PBXTargetDependency section */
		9E47C36B2E293524001EC6AA /* PBXTargetDependency */ = {
			isa = PBXTargetDependency;
			target = 9E47C35B2E293521001EC6AA /* Mike_ShippingApp */;
			targetProxy = 9E47C36A2E293524001EC6AA /* PBXContainerItemProxy */;
		};
		9E47C3752E293524001EC6AA /* PBXTargetDependency */ = {
			isa = PBXTargetDependency;
			target = 9E47C35B2E293521001EC6AA /* Mike_ShippingApp */;
			targetProxy = 9E47C3742E293524001EC6AA /* PBXContainerItemProxy */;
		};
/* End PBXTargetDependency section */

/* Begin XCBuildConfiguration section */
		9E47C37B2E293524001EC6AA /* Debug */ = {
			isa = XCBuildConfiguration;
			buildSettings = {
				ALWAYS_SEARCH_USER_PATHS = NO;
				ASSETCATALOG_COMPILER_GENERATE_SWIFT_ASSET_SYMBOL_EXTENSIONS = YES;
				CLANG_ANALYZER_NONNULL = YES;
				CLANG_ANALYZER_NUMBER_OBJECT_CONVERSION = YES_AGGRESSIVE;
				CLANG_CXX_LANGUAGE_STANDARD = "gnu++20";
				CLANG_ENABLE_MODULES = YES;
				CLANG_ENABLE_OBJC_ARC = YES;
				CLANG_ENABLE_OBJC_WEAK = YES;
				CLANG_WARN_BLOCK_CAPTURE_AUTORELEASING = YES;
				CLANG_WARN_BOOL_CONVERSION = YES;
				CLANG_WARN_COMMA = YES;
				CLANG_WARN_CONSTANT_CONVERSION = YES;
				CLANG_WARN_DEPRECATED_OBJC_IMPLEMENTATIONS = YES;
				CLANG_WARN_DIRECT_OBJC_ISA_USAGE = YES_ERROR;
				CLANG_WARN_DOCUMENTATION_COMMENTS = YES;
				CLANG_WARN_EMPTY_BODY = YES;
				CLANG_WARN_ENUM_CONVERSION = YES;
				CLANG_WARN_INFINITE_RECURSION = YES;
				CLANG_WARN_INT_CONVERSION = YES;
				CLANG_WARN_NON_LITERAL_NULL_CONVERSION = YES;
				CLANG_WARN_OBJC_IMPLICIT_RETAIN_SELF = YES;
				CLANG_WARN_OBJC_LITERAL_CONVERSION = YES;
				CLANG_WARN_OBJC_ROOT_CLASS = YES_ERROR;
				CLANG_WARN_QUOTED_INCLUDE_IN_FRAMEWORK_HEADER = YES;
				CLANG_WARN_RANGE_LOOP_ANALYSIS = YES;
				CLANG_WARN_STRICT_PROTOTYPES = YES;
				CLANG_WARN_SUSPICIOUS_MOVE = YES;
				CLANG_WARN_UNGUARDED_AVAILABILITY = YES_AGGRESSIVE;
				CLANG_WARN_UNREACHABLE_CODE = YES;
				CLANG_WARN__DUPLICATE_METHOD_MATCH = YES;
				COPY_PHASE_STRIP = NO;
				DEBUG_INFORMATION_FORMAT = dwarf;
				ENABLE_STRICT_OBJC_MSGSEND = YES;
				ENABLE_TESTABILITY = YES;
				ENABLE_USER_SCRIPT_SANDBOXING = YES;
				GCC_C_LANGUAGE_STANDARD = gnu17;
				GCC_DYNAMIC_NO_PIC = NO;
				GCC_NO_COMMON_BLOCKS = YES;
				GCC_OPTIMIZATION_LEVEL = 0;
				GCC_PREPROCESSOR_DEFINITIONS = (
					"DEBUG=1",
					"$(inherited)",
				);
				GCC_WARN_64_TO_32_BIT_CONVERSION = YES;
				GCC_WARN_ABOUT_RETURN_TYPE = YES_ERROR;
				GCC_WARN_UNDECLARED_SELECTOR = YES;
				GCC_WARN_UNINITIALIZED_AUTOS = YES_AGGRESSIVE;
				GCC_WARN_UNUSED_FUNCTION = YES;
				GCC_WARN_UNUSED_VARIABLE = YES;
				IPHONEOS_DEPLOYMENT_TARGET = 18.4;
				LOCALIZATION_PREFERS_STRING_CATALOGS = YES;
				MTL_ENABLE_DEBUG_INFO = INCLUDE_SOURCE;
				MTL_FAST_MATH = YES;
				ONLY_ACTIVE_ARCH = YES;
				SDKROOT = iphoneos;
				SWIFT_ACTIVE_COMPILATION_CONDITIONS = "DEBUG $(inherited)";
				SWIFT_OPTIMIZATION_LEVEL = "-Onone";
			};
			name = Debug;
		};
		9E47C37C2E293524001EC6AA /* Release */ = {
			isa = XCBuildConfiguration;
			buildSettings = {
				ALWAYS_SEARCH_USER_PATHS = NO;
				ASSETCATALOG_COMPILER_GENERATE_SWIFT_ASSET_SYMBOL_EXTENSIONS = YES;
				CLANG_ANALYZER_NONNULL = YES;
				CLANG_ANALYZER_NUMBER_OBJECT_CONVERSION = YES_AGGRESSIVE;
				CLANG_CXX_LANGUAGE_STANDARD = "gnu++20";
				CLANG_ENABLE_MODULES = YES;
				CLANG_ENABLE_OBJC_ARC = YES;
				CLANG_ENABLE_OBJC_WEAK = YES;
				CLANG_WARN_BLOCK_CAPTURE_AUTORELEASING = YES;
				CLANG_WARN_BOOL_CONVERSION = YES;
				CLANG_WARN_COMMA = YES;
				CLANG_WARN_CONSTANT_CONVERSION = YES;
				CLANG_WARN_DEPRECATED_OBJC_IMPLEMENTATIONS = YES;
				CLANG_WARN_DIRECT_OBJC_ISA_USAGE = YES_ERROR;
				CLANG_WARN_DOCUMENTATION_COMMENTS = YES;
				CLANG_WARN_EMPTY_BODY = YES;
				CLANG_WARN_ENUM_CONVERSION = YES;
				CLANG_WARN_INFINITE_RECURSION = YES;
				CLANG_WARN_INT_CONVERSION = YES;
				CLANG_WARN_NON_LITERAL_NULL_CONVERSION = YES;
				CLANG_WARN_OBJC_IMPLICIT_RETAIN_SELF = YES;
				CLANG_WARN_OBJC_LITERAL_CONVERSION = YES;
				CLANG_WARN_OBJC_ROOT_CLASS = YES_ERROR;
				CLANG_WARN_QUOTED_INCLUDE_IN_FRAMEWORK_HEADER = YES;
				CLANG_WARN_RANGE_LOOP_ANALYSIS = YES;
				CLANG_WARN_STRICT_PROTOTYPES = YES;
				CLANG_WARN_SUSPICIOUS_MOVE = YES;
				CLANG_WARN_UNGUARDED_AVAILABILITY = YES_AGGRESSIVE;
				CLANG_WARN_UNREACHABLE_CODE = YES;
				CLANG_WARN__DUPLICATE_METHOD_MATCH = YES;
				COPY_PHASE_STRIP = NO;
				DEBUG_INFORMATION_FORMAT = "dwarf-with-dsym";
				ENABLE_NS_ASSERTIONS = NO;
				ENABLE_STRICT_OBJC_MSGSEND = YES;
				ENABLE_USER_SCRIPT_SANDBOXING = YES;
				GCC_C_LANGUAGE_STANDARD = gnu17;
				GCC_NO_COMMON_BLOCKS = YES;
				GCC_WARN_64_TO_32_BIT_CONVERSION = YES;
				GCC_WARN_ABOUT_RETURN_TYPE = YES_ERROR;
				GCC_WARN_UNDECLARED_SELECTOR = YES;
				GCC_WARN_UNINITIALIZED_AUTOS = YES_AGGRESSIVE;
				GCC_WARN_UNUSED_FUNCTION = YES;
				GCC_WARN_UNUSED_VARIABLE = YES;
				IPHONEOS_DEPLOYMENT_TARGET = 18.4;
				LOCALIZATION_PREFERS_STRING_CATALOGS = YES;
				MTL_ENABLE_DEBUG_INFO = NO;
				MTL_FAST_MATH = YES;
				SDKROOT = iphoneos;
				SWIFT_COMPILATION_MODE = wholemodule;
				VALIDATE_PRODUCT = YES;
			};
			name = Release;
		};
		9E47C37E2E293524001EC6AA /* Debug */ = {
			isa = XCBuildConfiguration;
			buildSettings = {
				ASSETCATALOG_COMPILER_APPICON_NAME = AppIcon;
				ASSETCATALOG_COMPILER_GLOBAL_ACCENT_COLOR_NAME = AccentColor;
				CODE_SIGN_STYLE = Automatic;
				CURRENT_PROJECT_VERSION = 1;
				ENABLE_PREVIEWS = YES;
				GENERATE_INFOPLIST_FILE = YES;
				INFOPLIST_KEY_UIApplicationSceneManifest_Generation = YES;
				INFOPLIST_KEY_UIApplicationSupportsIndirectInputEvents = YES;
				INFOPLIST_KEY_UILaunchScreen_Generation = YES;
				INFOPLIST_KEY_UISupportedInterfaceOrientations_iPad = "UIInterfaceOrientationPortrait UIInterfaceOrientationPortraitUpsideDown UIInterfaceOrientationLandscapeLeft UIInterfaceOrientationLandscapeRight";
				INFOPLIST_KEY_UISupportedInterfaceOrientations_iPhone = "UIInterfaceOrientationPortrait UIInterfaceOrientationLandscapeLeft UIInterfaceOrientationLandscapeRight";
				LD_RUNPATH_SEARCH_PATHS = (
					"$(inherited)",
					"@executable_path/Frameworks",
				);
				MARKETING_VERSION = 1.0;
				PRODUCT_BUNDLE_IDENTIFIER = "com.eit.Mike-ShippingApp";
				PRODUCT_NAME = "$(TARGET_NAME)";
				SWIFT_EMIT_LOC_STRINGS = YES;
				SWIFT_VERSION = 5.0;
				TARGETED_DEVICE_FAMILY = "1,2";
			};
			name = Debug;
		};
		9E47C37F2E293524001EC6AA /* Release */ = {
			isa = XCBuildConfiguration;
			buildSettings = {
				ASSETCATALOG_COMPILER_APPICON_NAME = AppIcon;
				ASSETCATALOG_COMPILER_GLOBAL_ACCENT_COLOR_NAME = AccentColor;
				CODE_SIGN_STYLE = Automatic;
				CURRENT_PROJECT_VERSION = 1;
				ENABLE_PREVIEWS = YES;
				GENERATE_INFOPLIST_FILE = YES;
				INFOPLIST_KEY_UIApplicationSceneManifest_Generation = YES;
				INFOPLIST_KEY_UIApplicationSupportsIndirectInputEvents = YES;
				INFOPLIST_KEY_UILaunchScreen_Generation = YES;
				INFOPLIST_KEY_UISupportedInterfaceOrientations_iPad = "UIInterfaceOrientationPortrait UIInterfaceOrientationPortraitUpsideDown UIInterfaceOrientationLandscapeLeft UIInterfaceOrientationLandscapeRight";
				INFOPLIST_KEY_UISupportedInterfaceOrientations_iPhone = "UIInterfaceOrientationPortrait UIInterfaceOrientationLandscapeLeft UIInterfaceOrientationLandscapeRight";
				LD_RUNPATH_SEARCH_PATHS = (
					"$(inherited)",
					"@executable_path/Frameworks",
				);
				MARKETING_VERSION = 1.0;
				PRODUCT_BUNDLE_IDENTIFIER = "com.eit.Mike-ShippingApp";
				PRODUCT_NAME = "$(TARGET_NAME)";
				SWIFT_EMIT_LOC_STRINGS = YES;
				SWIFT_VERSION = 5.0;
				TARGETED_DEVICE_FAMILY = "1,2";
			};
			name = Release;
		};
		9E47C3812E293524001EC6AA /* Debug */ = {
			isa = XCBuildConfiguration;
			buildSettings = {
				BUNDLE_LOADER = "$(TEST_HOST)";
				CODE_SIGN_STYLE = Automatic;
				CURRENT_PROJECT_VERSION = 1;
				GENERATE_INFOPLIST_FILE = YES;
				IPHONEOS_DEPLOYMENT_TARGET = 18.4;
				MARKETING_VERSION = 1.0;
				PRODUCT_BUNDLE_IDENTIFIER = "com.eit.Mike-ShippingAppTests";
				PRODUCT_NAME = "$(TARGET_NAME)";
				SWIFT_EMIT_LOC_STRINGS = NO;
				SWIFT_VERSION = 5.0;
				TARGETED_DEVICE_FAMILY = "1,2";
				TEST_HOST = "$(BUILT_PRODUCTS_DIR)/Mike_ShippingApp.app/$(BUNDLE_EXECUTABLE_FOLDER_PATH)/Mike_ShippingApp";
			};
			name = Debug;
		};
		9E47C3822E293524001EC6AA /* Release */ = {
			isa = XCBuildConfiguration;
			buildSettings = {
				BUNDLE_LOADER = "$(TEST_HOST)";
				CODE_SIGN_STYLE = Automatic;
				CURRENT_PROJECT_VERSION = 1;
				GENERATE_INFOPLIST_FILE = YES;
				IPHONEOS_DEPLOYMENT_TARGET = 18.4;
				MARKETING_VERSION = 1.0;
				PRODUCT_BUNDLE_IDENTIFIER = "com.eit.Mike-ShippingAppTests";
				PRODUCT_NAME = "$(TARGET_NAME)";
				SWIFT_EMIT_LOC_STRINGS = NO;
				SWIFT_VERSION = 5.0;
				TARGETED_DEVICE_FAMILY = "1,2";
				TEST_HOST = "$(BUILT_PRODUCTS_DIR)/Mike_ShippingApp.app/$(BUNDLE_EXECUTABLE_FOLDER_PATH)/Mike_ShippingApp";
			};
			name = Release;
		};
		9E47C3842E293524001EC6AA /* Debug */ = {
			isa = XCBuildConfiguration;
			buildSettings = {
				CODE_SIGN_STYLE = Automatic;
				CURRENT_PROJECT_VERSION = 1;
				GENERATE_INFOPLIST_FILE = YES;
				MARKETING_VERSION = 1.0;
				PRODUCT_BUNDLE_IDENTIFIER = "com.eit.Mike-ShippingAppUITests";
				PRODUCT_NAME = "$(TARGET_NAME)";
				SWIFT_EMIT_LOC_STRINGS = NO;
				SWIFT_VERSION = 5.0;
				TARGETED_DEVICE_FAMILY = "1,2";
				TEST_TARGET_NAME = Mike_ShippingApp;
			};
			name = Debug;
		};
		9E47C3852E293524001EC6AA /* Release */ = {
			isa = XCBuildConfiguration;
			buildSettings = {
				CODE_SIGN_STYLE = Automatic;
				CURRENT_PROJECT_VERSION = 1;
				GENERATE_INFOPLIST_FILE = YES;
				MARKETING_VERSION = 1.0;
				PRODUCT_BUNDLE_IDENTIFIER = "com.eit.Mike-ShippingAppUITests";
				PRODUCT_NAME = "$(TARGET_NAME)";
				SWIFT_EMIT_LOC_STRINGS = NO;
				SWIFT_VERSION = 5.0;
				TARGETED_DEVICE_FAMILY = "1,2";
				TEST_TARGET_NAME = Mike_ShippingApp;
			};
			name = Release;
		};
/* End XCBuildConfiguration section */

/* Begin XCConfigurationList section */
		9E47C3572E293521001EC6AA /* Build configuration list for PBXProject "Mike_ShippingApp" */ = {
			isa = XCConfigurationList;
			buildConfigurations = (
				9E47C37B2E293524001EC6AA /* Debug */,
				9E47C37C2E293524001EC6AA /* Release */,
			);
			defaultConfigurationIsVisible = 0;
			defaultConfigurationName = Release;
		};
		9E47C37D2E293524001EC6AA /* Build configuration list for PBXNativeTarget "Mike_ShippingApp" */ = {
			isa = XCConfigurationList;
			buildConfigurations = (
				9E47C37E2E293524001EC6AA /* Debug */,
				9E47C37F2E293524001EC6AA /* Release */,
			);
			defaultConfigurationIsVisible = 0;
			defaultConfigurationName = Release;
		};
		9E47C3802E293524001EC6AA /* Build configuration list for PBXNativeTarget "Mike_ShippingAppTests" */ = {
			isa = XCConfigurationList;
			buildConfigurations = (
				9E47C3812E293524001EC6AA /* Debug */,
				9E47C3822E293524001EC6AA /* Release */,
			);
			defaultConfigurationIsVisible = 0;
			defaultConfigurationName = Release;
		};
		9E47C3832E293524001EC6AA /* Build configuration list for PBXNativeTarget "Mike_ShippingAppUITests" */ = {
			isa = XCConfigurationList;
			buildConfigurations = (
				9E47C3842E293524001EC6AA /* Debug */,
				9E47C3852E293524001EC6AA /* Release */,
			);
			defaultConfigurationIsVisible = 0;
			defaultConfigurationName = Release;
		};
/* End XCConfigurationList section */
	};
	rootObject = 9E47C3542E293521001EC6AA /* Project object */;
}
