// !$*UTF8*$!
{
	archiveVersion = 1;
	classes = {
	};
	objectVersion = 77;
	objects = {

/* Begin PBXContainerItemProxy section */
		9EF464682DBAB46A00FDC30A /* PBXContainerItemProxy */ = {
			isa = PBXContainerItemProxy;
			containerPortal = 9EF464492DBAB46700FDC30A /* Project object */;
			proxyType = 1;
			remoteGlobalIDString = 9EF464502DBAB46700FDC30A;
			remoteInfo = CellColor;
		};
		9EF464722DBAB46A00FDC30A /* PBXContainerItemProxy */ = {
			isa = PBXContainerItemProxy;
			containerPortal = 9EF464492DBAB46700FDC30A /* Project object */;
			proxyType = 1;
			remoteGlobalIDString = 9EF464502DBAB46700FDC30A;
			remoteInfo = CellColor;
		};
/* End PBXContainerItemProxy section */

/* Begin PBXFileReference section */
		9EF464512DBAB46700FDC30A /* CellColor.app */ = {isa = PBXFileReference; explicitFileType = wrapper.application; includeInIndex = 0; path = CellColor.app; sourceTree = BUILT_PRODUCTS_DIR; };
		9EF464672DBAB46A00FDC30A /* CellColorTests.xctest */ = {isa = PBXFileReference; explicitFileType = wrapper.cfbundle; includeInIndex = 0; path = CellColorTests.xctest; sourceTree = BUILT_PRODUCTS_DIR; };
		9EF464712DBAB46A00FDC30A /* CellColorUITests.xctest */ = {isa = PBXFileReference; explicitFileType = wrapper.cfbundle; includeInIndex = 0; path = CellColorUITests.xctest; sourceTree = BUILT_PRODUCTS_DIR; };
/* End PBXFileReference section */

/* Begin PBXFileSystemSynchronizedBuildFileExceptionSet section */
		9EF464792DBAB46A00FDC30A /* Exceptions for "CellColor" folder in "CellColor" target */ = {
			isa = PBXFileSystemSynchronizedBuildFileExceptionSet;
			membershipExceptions = (
				Info.plist,
			);
			target = 9EF464502DBAB46700FDC30A /* CellColor */;
		};
/* End PBXFileSystemSynchronizedBuildFileExceptionSet section */

/* Begin PBXFileSystemSynchronizedRootGroup section */
		9EF464532DBAB46700FDC30A /* CellColor */ = {
			isa = PBXFileSystemSynchronizedRootGroup;
			exceptions = (
				9EF464792DBAB46A00FDC30A /* Exceptions for "CellColor" folder in "CellColor" target */,
			);
			path = CellColor;
			sourceTree = "<group>";
		};
		9EF4646A2DBAB46A00FDC30A /* CellColorTests */ = {
			isa = PBXFileSystemSynchronizedRootGroup;
			path = CellColorTests;
			sourceTree = "<group>";
		};
		9EF464742DBAB46A00FDC30A /* CellColorUITests */ = {
			isa = PBXFileSystemSynchronizedRootGroup;
			path = CellColorUITests;
			sourceTree = "<group>";
		};
/* End PBXFileSystemSynchronizedRootGroup section */

/* Begin PBXFrameworksBuildPhase section */
		9EF4644E2DBAB46700FDC30A /* Frameworks */ = {
			isa = PBXFrameworksBuildPhase;
			buildActionMask = 2147483647;
			files = (
			);
			runOnlyForDeploymentPostprocessing = 0;
		};
		9EF464642DBAB46A00FDC30A /* Frameworks */ = {
			isa = PBXFrameworksBuildPhase;
			buildActionMask = 2147483647;
			files = (
			);
			runOnlyForDeploymentPostprocessing = 0;
		};
		9EF4646E2DBAB46A00FDC30A /* Frameworks */ = {
			isa = PBXFrameworksBuildPhase;
			buildActionMask = 2147483647;
			files = (
			);
			runOnlyForDeploymentPostprocessing = 0;
		};
/* End PBXFrameworksBuildPhase section */

/* Begin PBXGroup section */
		9EF464482DBAB46700FDC30A = {
			isa = PBXGroup;
			children = (
				9EF464532DBAB46700FDC30A /* CellColor */,
				9EF4646A2DBAB46A00FDC30A /* CellColorTests */,
				9EF464742DBAB46A00FDC30A /* CellColorUITests */,
				9EF464522DBAB46700FDC30A /* Products */,
			);
			sourceTree = "<group>";
		};
		9EF464522DBAB46700FDC30A /* Products */ = {
			isa = PBXGroup;
			children = (
				9EF464512DBAB46700FDC30A /* CellColor.app */,
				9EF464672DBAB46A00FDC30A /* CellColorTests.xctest */,
				9EF464712DBAB46A00FDC30A /* CellColorUITests.xctest */,
			);
			name = Products;
			sourceTree = "<group>";
		};
/* End PBXGroup section */

/* Begin PBXNativeTarget section */
		9EF464502DBAB46700FDC30A /* CellColor */ = {
			isa = PBXNativeTarget;
			buildConfigurationList = 9EF4647A2DBAB46A00FDC30A /* Build configuration list for PBXNativeTarget "CellColor" */;
			buildPhases = (
				9EF4644D2DBAB46700FDC30A /* Sources */,
				9EF4644E2DBAB46700FDC30A /* Frameworks */,
				9EF4644F2DBAB46700FDC30A /* Resources */,
			);
			buildRules = (
			);
			dependencies = (
			);
			fileSystemSynchronizedGroups = (
				9EF464532DBAB46700FDC30A /* CellColor */,
			);
			name = CellColor;
			packageProductDependencies = (
			);
			productName = CellColor;
			productReference = 9EF464512DBAB46700FDC30A /* CellColor.app */;
			productType = "com.apple.product-type.application";
		};
		9EF464662DBAB46A00FDC30A /* CellColorTests */ = {
			isa = PBXNativeTarget;
			buildConfigurationList = 9EF4647F2DBAB46A00FDC30A /* Build configuration list for PBXNativeTarget "CellColorTests" */;
			buildPhases = (
				9EF464632DBAB46A00FDC30A /* Sources */,
				9EF464642DBAB46A00FDC30A /* Frameworks */,
				9EF464652DBAB46A00FDC30A /* Resources */,
			);
			buildRules = (
			);
			dependencies = (
				9EF464692DBAB46A00FDC30A /* PBXTargetDependency */,
			);
			fileSystemSynchronizedGroups = (
				9EF4646A2DBAB46A00FDC30A /* CellColorTests */,
			);
			name = CellColorTests;
			packageProductDependencies = (
			);
			productName = CellColorTests;
			productReference = 9EF464672DBAB46A00FDC30A /* CellColorTests.xctest */;
			productType = "com.apple.product-type.bundle.unit-test";
		};
		9EF464702DBAB46A00FDC30A /* CellColorUITests */ = {
			isa = PBXNativeTarget;
			buildConfigurationList = 9EF464822DBAB46A00FDC30A /* Build configuration list for PBXNativeTarget "CellColorUITests" */;
			buildPhases = (
				9EF4646D2DBAB46A00FDC30A /* Sources */,
				9EF4646E2DBAB46A00FDC30A /* Frameworks */,
				9EF4646F2DBAB46A00FDC30A /* Resources */,
			);
			buildRules = (
			);
			dependencies = (
				9EF464732DBAB46A00FDC30A /* PBXTargetDependency */,
			);
			fileSystemSynchronizedGroups = (
				9EF464742DBAB46A00FDC30A /* CellColorUITests */,
			);
			name = CellColorUITests;
			packageProductDependencies = (
			);
			productName = CellColorUITests;
			productReference = 9EF464712DBAB46A00FDC30A /* CellColorUITests.xctest */;
			productType = "com.apple.product-type.bundle.ui-testing";
		};
/* End PBXNativeTarget section */

/* Begin PBXProject section */
		9EF464492DBAB46700FDC30A /* Project object */ = {
			isa = PBXProject;
			attributes = {
				BuildIndependentTargetsInParallel = 1;
				LastSwiftUpdateCheck = 1630;
				LastUpgradeCheck = 1630;
				TargetAttributes = {
					9EF464502DBAB46700FDC30A = {
						CreatedOnToolsVersion = 16.3;
					};
					9EF464662DBAB46A00FDC30A = {
						CreatedOnToolsVersion = 16.3;
						TestTargetID = 9EF464502DBAB46700FDC30A;
					};
					9EF464702DBAB46A00FDC30A = {
						CreatedOnToolsVersion = 16.3;
						TestTargetID = 9EF464502DBAB46700FDC30A;
					};
				};
			};
			buildConfigurationList = 9EF4644C2DBAB46700FDC30A /* Build configuration list for PBXProject "CellColor" */;
			developmentRegion = en;
			hasScannedForEncodings = 0;
			knownRegions = (
				en,
				Base,
			);
			mainGroup = 9EF464482DBAB46700FDC30A;
			minimizedProjectReferenceProxies = 1;
			preferredProjectObjectVersion = 77;
			productRefGroup = 9EF464522DBAB46700FDC30A /* Products */;
			projectDirPath = "";
			projectRoot = "";
			targets = (
				9EF464502DBAB46700FDC30A /* CellColor */,
				9EF464662DBAB46A00FDC30A /* CellColorTests */,
				9EF464702DBAB46A00FDC30A /* CellColorUITests */,
			);
		};
/* End PBXProject section */

/* Begin PBXResourcesBuildPhase section */
		9EF4644F2DBAB46700FDC30A /* Resources */ = {
			isa = PBXResourcesBuildPhase;
			buildActionMask = 2147483647;
			files = (
			);
			runOnlyForDeploymentPostprocessing = 0;
		};
		9EF464652DBAB46A00FDC30A /* Resources */ = {
			isa = PBXResourcesBuildPhase;
			buildActionMask = 2147483647;
			files = (
			);
			runOnlyForDeploymentPostprocessing = 0;
		};
		9EF4646F2DBAB46A00FDC30A /* Resources */ = {
			isa = PBXResourcesBuildPhase;
			buildActionMask = 2147483647;
			files = (
			);
			runOnlyForDeploymentPostprocessing = 0;
		};
/* End PBXResourcesBuildPhase section */

/* Begin PBXSourcesBuildPhase section */
		9EF4644D2DBAB46700FDC30A /* Sources */ = {
			isa = PBXSourcesBuildPhase;
			buildActionMask = 2147483647;
			files = (
			);
			runOnlyForDeploymentPostprocessing = 0;
		};
		9EF464632DBAB46A00FDC30A /* Sources */ = {
			isa = PBXSourcesBuildPhase;
			buildActionMask = 2147483647;
			files = (
			);
			runOnlyForDeploymentPostprocessing = 0;
		};
		9EF4646D2DBAB46A00FDC30A /* Sources */ = {
			isa = PBXSourcesBuildPhase;
			buildActionMask = 2147483647;
			files = (
			);
			runOnlyForDeploymentPostprocessing = 0;
		};
/* End PBXSourcesBuildPhase section */

/* Begin PBXTargetDependency section */
		9EF464692DBAB46A00FDC30A /* PBXTargetDependency */ = {
			isa = PBXTargetDependency;
			target = 9EF464502DBAB46700FDC30A /* CellColor */;
			targetProxy = 9EF464682DBAB46A00FDC30A /* PBXContainerItemProxy */;
		};
		9EF464732DBAB46A00FDC30A /* PBXTargetDependency */ = {
			isa = PBXTargetDependency;
			target = 9EF464502DBAB46700FDC30A /* CellColor */;
			targetProxy = 9EF464722DBAB46A00FDC30A /* PBXContainerItemProxy */;
		};
/* End PBXTargetDependency section */

/* Begin XCBuildConfiguration section */
		9EF4647B2DBAB46A00FDC30A /* Debug */ = {
			isa = XCBuildConfiguration;
			buildSettings = {
				ASSETCATALOG_COMPILER_APPICON_NAME = AppIcon;
				ASSETCATALOG_COMPILER_GLOBAL_ACCENT_COLOR_NAME = AccentColor;
				CODE_SIGN_STYLE = Automatic;
				CURRENT_PROJECT_VERSION = 1;
				GENERATE_INFOPLIST_FILE = YES;
				INFOPLIST_FILE = CellColor/Info.plist;
				INFOPLIST_KEY_UIApplicationSupportsIndirectInputEvents = YES;
				INFOPLIST_KEY_UILaunchStoryboardName = LaunchScreen;
				INFOPLIST_KEY_UIMainStoryboardFile = Main;
				INFOPLIST_KEY_UISupportedInterfaceOrientations_iPad = "UIInterfaceOrientationPortrait UIInterfaceOrientationPortraitUpsideDown UIInterfaceOrientationLandscapeLeft UIInterfaceOrientationLandscapeRight";
				INFOPLIST_KEY_UISupportedInterfaceOrientations_iPhone = "UIInterfaceOrientationPortrait UIInterfaceOrientationLandscapeLeft UIInterfaceOrientationLandscapeRight";
				LD_RUNPATH_SEARCH_PATHS = (
					"$(inherited)",
					"@executable_path/Frameworks",
				);
				MARKETING_VERSION = 1.0;
				PRODUCT_BUNDLE_IDENTIFIER = com.eit.CellColor;
				PRODUCT_NAME = "$(TARGET_NAME)";
				SWIFT_EMIT_LOC_STRINGS = YES;
				SWIFT_VERSION = 5.0;
				TARGETED_DEVICE_FAMILY = "1,2";
			};
			name = Debug;
		};
		9EF4647C2DBAB46A00FDC30A /* Release */ = {
			isa = XCBuildConfiguration;
			buildSettings = {
				ASSETCATALOG_COMPILER_APPICON_NAME = AppIcon;
				ASSETCATALOG_COMPILER_GLOBAL_ACCENT_COLOR_NAME = AccentColor;
				CODE_SIGN_STYLE = Automatic;
				CURRENT_PROJECT_VERSION = 1;
				GENERATE_INFOPLIST_FILE = YES;
				INFOPLIST_FILE = CellColor/Info.plist;
				INFOPLIST_KEY_UIApplicationSupportsIndirectInputEvents = YES;
				INFOPLIST_KEY_UILaunchStoryboardName = LaunchScreen;
				INFOPLIST_KEY_UIMainStoryboardFile = Main;
				INFOPLIST_KEY_UISupportedInterfaceOrientations_iPad = "UIInterfaceOrientationPortrait UIInterfaceOrientationPortraitUpsideDown UIInterfaceOrientationLandscapeLeft UIInterfaceOrientationLandscapeRight";
				INFOPLIST_KEY_UISupportedInterfaceOrientations_iPhone = "UIInterfaceOrientationPortrait UIInterfaceOrientationLandscapeLeft UIInterfaceOrientationLandscapeRight";
				LD_RUNPATH_SEARCH_PATHS = (
					"$(inherited)",
					"@executable_path/Frameworks",
				);
				MARKETING_VERSION = 1.0;
				PRODUCT_BUNDLE_IDENTIFIER = com.eit.CellColor;
				PRODUCT_NAME = "$(TARGET_NAME)";
				SWIFT_EMIT_LOC_STRINGS = YES;
				SWIFT_VERSION = 5.0;
				TARGETED_DEVICE_FAMILY = "1,2";
			};
			name = Release;
		};
		9EF4647D2DBAB46A00FDC30A /* Debug */ = {
			isa = XCBuildConfiguration;
			buildSettings = {
				ALWAYS_SEARCH_USER_PATHS = NO;
				ASSETCATALOG_COMPILER_GENERATE_SWIFT_ASSET_SYMBOL_EXTENSIONS = YES;
				CLANG_ANALYZER_NONNULL = YES;
				CLANG_ANALYZER_NUMBER_OBJECT_CONVERSION = YES_AGGRESSIVE;
				CLANG_CXX_LANGUAGE_STANDARD = "gnu++20";
				CLANG_ENABLE_MODULES = YES;
				CLANG_ENABLE_OBJC_ARC = YES;
				CLANG_ENABLE_OBJC_WEAK = YES;
				CLANG_WARN_BLOCK_CAPTURE_AUTORELEASING = YES;
				CLANG_WARN_BOOL_CONVERSION = YES;
				CLANG_WARN_COMMA = YES;
				CLANG_WARN_CONSTANT_CONVERSION = YES;
				CLANG_WARN_DEPRECATED_OBJC_IMPLEMENTATIONS = YES;
				CLANG_WARN_DIRECT_OBJC_ISA_USAGE = YES_ERROR;
				CLANG_WARN_DOCUMENTATION_COMMENTS = YES;
				CLANG_WARN_EMPTY_BODY = YES;
				CLANG_WARN_ENUM_CONVERSION = YES;
				CLANG_WARN_INFINITE_RECURSION = YES;
				CLANG_WARN_INT_CONVERSION = YES;
				CLANG_WARN_NON_LITERAL_NULL_CONVERSION = YES;
				CLANG_WARN_OBJC_IMPLICIT_RETAIN_SELF = YES;
				CLANG_WARN_OBJC_LITERAL_CONVERSION = YES;
				CLANG_WARN_OBJC_ROOT_CLASS = YES_ERROR;
				CLANG_WARN_QUOTED_INCLUDE_IN_FRAMEWORK_HEADER = YES;
				CLANG_WARN_RANGE_LOOP_ANALYSIS = YES;
				CLANG_WARN_STRICT_PROTOTYPES = YES;
				CLANG_WARN_SUSPICIOUS_MOVE = YES;
				CLANG_WARN_UNGUARDED_AVAILABILITY = YES_AGGRESSIVE;
				CLANG_WARN_UNREACHABLE_CODE = YES;
				CLANG_WARN__DUPLICATE_METHOD_MATCH = YES;
				COPY_PHASE_STRIP = NO;
				DEBUG_INFORMATION_FORMAT = dwarf;
				ENABLE_STRICT_OBJC_MSGSEND = YES;
				ENABLE_TESTABILITY = YES;
				ENABLE_USER_SCRIPT_SANDBOXING = YES;
				GCC_C_LANGUAGE_STANDARD = gnu17;
				GCC_DYNAMIC_NO_PIC = NO;
				GCC_NO_COMMON_BLOCKS = YES;
				GCC_OPTIMIZATION_LEVEL = 0;
				GCC_PREPROCESSOR_DEFINITIONS = (
					"DEBUG=1",
					"$(inherited)",
				);
				GCC_WARN_64_TO_32_BIT_CONVERSION = YES;
				GCC_WARN_ABOUT_RETURN_TYPE = YES_ERROR;
				GCC_WARN_UNDECLARED_SELECTOR = YES;
				GCC_WARN_UNINITIALIZED_AUTOS = YES_AGGRESSIVE;
				GCC_WARN_UNUSED_FUNCTION = YES;
				GCC_WARN_UNUSED_VARIABLE = YES;
				IPHONEOS_DEPLOYMENT_TARGET = 18.4;
				LOCALIZATION_PREFERS_STRING_CATALOGS = YES;
				MTL_ENABLE_DEBUG_INFO = INCLUDE_SOURCE;
				MTL_FAST_MATH = YES;
				ONLY_ACTIVE_ARCH = YES;
				SDKROOT = iphoneos;
				SWIFT_ACTIVE_COMPILATION_CONDITIONS = "DEBUG $(inherited)";
				SWIFT_OPTIMIZATION_LEVEL = "-Onone";
			};
			name = Debug;
		};
		9EF4647E2DBAB46A00FDC30A /* Release */ = {
			isa = XCBuildConfiguration;
			buildSettings = {
				ALWAYS_SEARCH_USER_PATHS = NO;
				ASSETCATALOG_COMPILER_GENERATE_SWIFT_ASSET_SYMBOL_EXTENSIONS = YES;
				CLANG_ANALYZER_NONNULL = YES;
				CLANG_ANALYZER_NUMBER_OBJECT_CONVERSION = YES_AGGRESSIVE;
				CLANG_CXX_LANGUAGE_STANDARD = "gnu++20";
				CLANG_ENABLE_MODULES = YES;
				CLANG_ENABLE_OBJC_ARC = YES;
				CLANG_ENABLE_OBJC_WEAK = YES;
				CLANG_WARN_BLOCK_CAPTURE_AUTORELEASING = YES;
				CLANG_WARN_BOOL_CONVERSION = YES;
				CLANG_WARN_COMMA = YES;
				CLANG_WARN_CONSTANT_CONVERSION = YES;
				CLANG_WARN_DEPRECATED_OBJC_IMPLEMENTATIONS = YES;
				CLANG_WARN_DIRECT_OBJC_ISA_USAGE = YES_ERROR;
				CLANG_WARN_DOCUMENTATION_COMMENTS = YES;
				CLANG_WARN_EMPTY_BODY = YES;
				CLANG_WARN_ENUM_CONVERSION = YES;
				CLANG_WARN_INFINITE_RECURSION = YES;
				CLANG_WARN_INT_CONVERSION = YES;
				CLANG_WARN_NON_LITERAL_NULL_CONVERSION = YES;
				CLANG_WARN_OBJC_IMPLICIT_RETAIN_SELF = YES;
				CLANG_WARN_OBJC_LITERAL_CONVERSION = YES;
				CLANG_WARN_OBJC_ROOT_CLASS = YES_ERROR;
				CLANG_WARN_QUOTED_INCLUDE_IN_FRAMEWORK_HEADER = YES;
				CLANG_WARN_RANGE_LOOP_ANALYSIS = YES;
				CLANG_WARN_STRICT_PROTOTYPES = YES;
				CLANG_WARN_SUSPICIOUS_MOVE = YES;
				CLANG_WARN_UNGUARDED_AVAILABILITY = YES_AGGRESSIVE;
				CLANG_WARN_UNREACHABLE_CODE = YES;
				CLANG_WARN__DUPLICATE_METHOD_MATCH = YES;
				COPY_PHASE_STRIP = NO;
				DEBUG_INFORMATION_FORMAT = "dwarf-with-dsym";
				ENABLE_NS_ASSERTIONS = NO;
				ENABLE_STRICT_OBJC_MSGSEND = YES;
				ENABLE_USER_SCRIPT_SANDBOXING = YES;
				GCC_C_LANGUAGE_STANDARD = gnu17;
				GCC_NO_COMMON_BLOCKS = YES;
				GCC_WARN_64_TO_32_BIT_CONVERSION = YES;
				GCC_WARN_ABOUT_RETURN_TYPE = YES_ERROR;
				GCC_WARN_UNDECLARED_SELECTOR = YES;
				GCC_WARN_UNINITIALIZED_AUTOS = YES_AGGRESSIVE;
				GCC_WARN_UNUSED_FUNCTION = YES;
				GCC_WARN_UNUSED_VARIABLE = YES;
				IPHONEOS_DEPLOYMENT_TARGET = 18.4;
				LOCALIZATION_PREFERS_STRING_CATALOGS = YES;
				MTL_ENABLE_DEBUG_INFO = NO;
				MTL_FAST_MATH = YES;
				SDKROOT = iphoneos;
				SWIFT_COMPILATION_MODE = wholemodule;
				VALIDATE_PRODUCT = YES;
			};
			name = Release;
		};
		9EF464802DBAB46A00FDC30A /* Debug */ = {
			isa = XCBuildConfiguration;
			buildSettings = {
				BUNDLE_LOADER = "$(TEST_HOST)";
				CODE_SIGN_STYLE = Automatic;
				CURRENT_PROJECT_VERSION = 1;
				GENERATE_INFOPLIST_FILE = YES;
				IPHONEOS_DEPLOYMENT_TARGET = 18.4;
				MARKETING_VERSION = 1.0;
				PRODUCT_BUNDLE_IDENTIFIER = com.eit.CellColorTests;
				PRODUCT_NAME = "$(TARGET_NAME)";
				SWIFT_EMIT_LOC_STRINGS = NO;
				SWIFT_VERSION = 5.0;
				TARGETED_DEVICE_FAMILY = "1,2";
				TEST_HOST = "$(BUILT_PRODUCTS_DIR)/CellColor.app/$(BUNDLE_EXECUTABLE_FOLDER_PATH)/CellColor";
			};
			name = Debug;
		};
		9EF464812DBAB46A00FDC30A /* Release */ = {
			isa = XCBuildConfiguration;
			buildSettings = {
				BUNDLE_LOADER = "$(TEST_HOST)";
				CODE_SIGN_STYLE = Automatic;
				CURRENT_PROJECT_VERSION = 1;
				GENERATE_INFOPLIST_FILE = YES;
				IPHONEOS_DEPLOYMENT_TARGET = 18.4;
				MARKETING_VERSION = 1.0;
				PRODUCT_BUNDLE_IDENTIFIER = com.eit.CellColorTests;
				PRODUCT_NAME = "$(TARGET_NAME)";
				SWIFT_EMIT_LOC_STRINGS = NO;
				SWIFT_VERSION = 5.0;
				TARGETED_DEVICE_FAMILY = "1,2";
				TEST_HOST = "$(BUILT_PRODUCTS_DIR)/CellColor.app/$(BUNDLE_EXECUTABLE_FOLDER_PATH)/CellColor";
			};
			name = Release;
		};
		9EF464832DBAB46A00FDC30A /* Debug */ = {
			isa = XCBuildConfiguration;
			buildSettings = {
				CODE_SIGN_STYLE = Automatic;
				CURRENT_PROJECT_VERSION = 1;
				GENERATE_INFOPLIST_FILE = YES;
				MARKETING_VERSION = 1.0;
				PRODUCT_BUNDLE_IDENTIFIER = com.eit.CellColorUITests;
				PRODUCT_NAME = "$(TARGET_NAME)";
				SWIFT_EMIT_LOC_STRINGS = NO;
				SWIFT_VERSION = 5.0;
				TARGETED_DEVICE_FAMILY = "1,2";
				TEST_TARGET_NAME = CellColor;
			};
			name = Debug;
		};
		9EF464842DBAB46A00FDC30A /* Release */ = {
			isa = XCBuildConfiguration;
			buildSettings = {
				CODE_SIGN_STYLE = Automatic;
				CURRENT_PROJECT_VERSION = 1;
				GENERATE_INFOPLIST_FILE = YES;
				MARKETING_VERSION = 1.0;
				PRODUCT_BUNDLE_IDENTIFIER = com.eit.CellColorUITests;
				PRODUCT_NAME = "$(TARGET_NAME)";
				SWIFT_EMIT_LOC_STRINGS = NO;
				SWIFT_VERSION = 5.0;
				TARGETED_DEVICE_FAMILY = "1,2";
				TEST_TARGET_NAME = CellColor;
			};
			name = Release;
		};
/* End XCBuildConfiguration section */

/* Begin XCConfigurationList section */
		9EF4644C2DBAB46700FDC30A /* Build configuration list for PBXProject "CellColor" */ = {
			isa = XCConfigurationList;
			buildConfigurations = (
				9EF4647D2DBAB46A00FDC30A /* Debug */,
				9EF4647E2DBAB46A00FDC30A /* Release */,
			);
			defaultConfigurationIsVisible = 0;
			defaultConfigurationName = Release;
		};
		9EF4647A2DBAB46A00FDC30A /* Build configuration list for PBXNativeTarget "CellColor" */ = {
			isa = XCConfigurationList;
			buildConfigurations = (
				9EF4647B2DBAB46A00FDC30A /* Debug */,
				9EF4647C2DBAB46A00FDC30A /* Release */,
			);
			defaultConfigurationIsVisible = 0;
			defaultConfigurationName = Release;
		};
		9EF4647F2DBAB46A00FDC30A /* Build configuration list for PBXNativeTarget "CellColorTests" */ = {
			isa = XCConfigurationList;
			buildConfigurations = (
				9EF464802DBAB46A00FDC30A /* Debug */,
				9EF464812DBAB46A00FDC30A /* Release */,
			);
			defaultConfigurationIsVisible = 0;
			defaultConfigurationName = Release;
		};
		9EF464822DBAB46A00FDC30A /* Build configuration list for PBXNativeTarget "CellColorUITests" */ = {
			isa = XCConfigurationList;
			buildConfigurations = (
				9EF464832DBAB46A00FDC30A /* Debug */,
				9EF464842DBAB46A00FDC30A /* Release */,
			);
			defaultConfigurationIsVisible = 0;
			defaultConfigurationName = Release;
		};
/* End XCConfigurationList section */
	};
	rootObject = 9EF464492DBAB46700FDC30A /* Project object */;
}
